
Microsoft Visual Studio Solution File, Format Version 12.00
# Visual Studio Version 16
VisualStudioVersion = 16.0.30225.117
MinimumVisualStudioVersion = 10.0.40219.1
Project("{00D1A9C2-B5F0-4AF3-8072-F6C62B433612}") = "Videotheque.Database", "Videotheque.Database\Videotheque.Database.sqlproj", "{3C34392E-6408-4915-8332-65A7A663A72D}"
EndProject
Project("{FAE04EC0-301F-11D3-BF4B-00C04F79EFBC}") = "Videotheque.Api", "Videotheque.Api\Videotheque.Api.csproj", "{969562AD-7423-44A6-8145-273F8B3EA053}"
EndProject
Project("{2150E333-8FDC-42A3-9474-1A3956D46DE8}") = "Database", "Database", "{BD42A174-43F2-426F-A807-2447A90B4693}"
EndProject
Project("{2150E333-8FDC-42A3-9474-1A3956D46DE8}") = "Api", "Api", "{B6ACBFCB-3063-4B9E-B7FF-3436E45219A0}"
EndProject
Project("{2150E333-8FDC-42A3-9474-1A3956D46DE8}") = "Model", "Model", "{E5B73FFB-95D8-4F3E-A024-D5A3CFFBD713}"
EndProject
Project("{2150E333-8FDC-42A3-9474-1A3956D46DE8}") = "Tools", "Tools", "{360CE2D9-9C8B-4235-81BA-F53ABF671A5C}"
EndProject
Project("{FAE04EC0-301F-11D3-BF4B-00C04F79EFBC}") = "Tools.Database", "Tools.Database\Tools.Database.csproj", "{C53D1B16-0316-44EF-9470-5878D41F75D2}"
EndProject
Project("{2150E333-8FDC-42A3-9474-1A3956D46DE8}") = "Global", "Global", "{EA325172-D43D-4652-B0E6-F85BFF3F62CC}"
EndProject
Project("{2150E333-8FDC-42A3-9474-1A3956D46DE8}") = "Client", "Client", "{96C53BF0-F681-4548-96A8-7467F602A063}"
EndProject
Project("{2150E333-8FDC-42A3-9474-1A3956D46DE8}") = "Common", "Common", "{50519B1B-CEC1-426C-8200-7292BBDC251D}"
EndProject
Project("{FAE04EC0-301F-11D3-BF4B-00C04F79EFBC}") = "Videotheque.Models.Interfaces", "Videotheque.Models.Interfaces\Videotheque.Models.Interfaces.csproj", "{05318BBF-F106-413E-8E86-5C74CA041D52}"
EndProject
Project("{FAE04EC0-301F-11D3-BF4B-00C04F79EFBC}") = "Videotheque.Models.Global.Entities", "Videotheque.Models.Global.Entities\Videotheque.Models.Global.Entities.csproj", "{7712899B-8BA4-481E-833B-9A5DBE7A289E}"
EndProject
Project("{FAE04EC0-301F-11D3-BF4B-00C04F79EFBC}") = "Videotheque.Models.Global.DBServices", "Videotheque.Models.Global.DBServices\Videotheque.Models.Global.DBServices.csproj", "{91243519-E2DB-4A6D-AD44-E7FFC37AC036}"
EndProject
Project("{FAE04EC0-301F-11D3-BF4B-00C04F79EFBC}") = "Videotheque.Api.Models.Client", "Videotheque.Api.Models.Client\Videotheque.Api.Models.Client.csproj", "{B163A6A8-51DA-4233-A2E8-F57F0258F62E}"
EndProject
Project("{2150E333-8FDC-42A3-9474-1A3956D46DE8}") = "UI", "UI", "{0CED7287-A6FB-4763-9952-78F657B6E744}"
EndProject
Project("{FAE04EC0-301F-11D3-BF4B-00C04F79EFBC}") = "Videotheque.Mvc", "Videotheque.Mvc\Videotheque.Mvc.csproj", "{083363B0-A2AB-41F3-B415-0B39B1835271}"
EndProject
Project("{FAE04EC0-301F-11D3-BF4B-00C04F79EFBC}") = "Videotheque.Models.Global.ApiServices", "Videotheque.Models.Global.ApiServices\Videotheque.Models.Global.ApiServices.csproj", "{C06993C1-E08F-4325-ADA4-2090EA9244CE}"
EndProject
Project("{FAE04EC0-301F-11D3-BF4B-00C04F79EFBC}") = "Videotheque.UI.Models.Client", "Videotheque.Mvc.Models.Client\Videotheque.UI.Models.Client.csproj", "{74B22B72-5B45-4AD6-AB6B-D57D76173325}"
EndProject
Project("{FAE04EC0-301F-11D3-BF4B-00C04F79EFBC}") = "Videotheque.Wpf", "Videotheque.Wpf\Videotheque.Wpf.csproj", "{FE191A90-89F2-4502-9DD5-E994177387D0}"
EndProject
Global
	GlobalSection(SolutionConfigurationPlatforms) = preSolution
		Debug|Any CPU = Debug|Any CPU
		Release|Any CPU = Release|Any CPU
	EndGlobalSection
	GlobalSection(ProjectConfigurationPlatforms) = postSolution
		{3C34392E-6408-4915-8332-65A7A663A72D}.Debug|Any CPU.ActiveCfg = Debug|Any CPU
		{3C34392E-6408-4915-8332-65A7A663A72D}.Debug|Any CPU.Build.0 = Debug|Any CPU
		{3C34392E-6408-4915-8332-65A7A663A72D}.Debug|Any CPU.Deploy.0 = Debug|Any CPU
		{3C34392E-6408-4915-8332-65A7A663A72D}.Release|Any CPU.ActiveCfg = Release|Any CPU
		{3C34392E-6408-4915-8332-65A7A663A72D}.Release|Any CPU.Build.0 = Release|Any CPU
		{3C34392E-6408-4915-8332-65A7A663A72D}.Release|Any CPU.Deploy.0 = Release|Any CPU
		{969562AD-7423-44A6-8145-273F8B3EA053}.Debug|Any CPU.ActiveCfg = Debug|Any CPU
		{969562AD-7423-44A6-8145-273F8B3EA053}.Debug|Any CPU.Build.0 = Debug|Any CPU
		{969562AD-7423-44A6-8145-273F8B3EA053}.Release|Any CPU.ActiveCfg = Release|Any CPU
		{969562AD-7423-44A6-8145-273F8B3EA053}.Release|Any CPU.Build.0 = Release|Any CPU
		{C53D1B16-0316-44EF-9470-5878D41F75D2}.Debug|Any CPU.ActiveCfg = Debug|Any CPU
		{C53D1B16-0316-44EF-9470-5878D41F75D2}.Debug|Any CPU.Build.0 = Debug|Any CPU
		{C53D1B16-0316-44EF-9470-5878D41F75D2}.Release|Any CPU.ActiveCfg = Release|Any CPU
		{C53D1B16-0316-44EF-9470-5878D41F75D2}.Release|Any CPU.Build.0 = Release|Any CPU
		{05318BBF-F106-413E-8E86-5C74CA041D52}.Debug|Any CPU.ActiveCfg = Debug|Any CPU
		{05318BBF-F106-413E-8E86-5C74CA041D52}.Debug|Any CPU.Build.0 = Debug|Any CPU
		{05318BBF-F106-413E-8E86-5C74CA041D52}.Release|Any CPU.ActiveCfg = Release|Any CPU
		{05318BBF-F106-413E-8E86-5C74CA041D52}.Release|Any CPU.Build.0 = Release|Any CPU
		{7712899B-8BA4-481E-833B-9A5DBE7A289E}.Debug|Any CPU.ActiveCfg = Debug|Any CPU
		{7712899B-8BA4-481E-833B-9A5DBE7A289E}.Debug|Any CPU.Build.0 = Debug|Any CPU
		{7712899B-8BA4-481E-833B-9A5DBE7A289E}.Release|Any CPU.ActiveCfg = Release|Any CPU
		{7712899B-8BA4-481E-833B-9A5DBE7A289E}.Release|Any CPU.Build.0 = Release|Any CPU
		{91243519-E2DB-4A6D-AD44-E7FFC37AC036}.Debug|Any CPU.ActiveCfg = Debug|Any CPU
		{91243519-E2DB-4A6D-AD44-E7FFC37AC036}.Debug|Any CPU.Build.0 = Debug|Any CPU
		{91243519-E2DB-4A6D-AD44-E7FFC37AC036}.Release|Any CPU.ActiveCfg = Release|Any CPU
		{91243519-E2DB-4A6D-AD44-E7FFC37AC036}.Release|Any CPU.Build.0 = Release|Any CPU
		{B163A6A8-51DA-4233-A2E8-F57F0258F62E}.Debug|Any CPU.ActiveCfg = Debug|Any CPU
		{B163A6A8-51DA-4233-A2E8-F57F0258F62E}.Debug|Any CPU.Build.0 = Debug|Any CPU
		{B163A6A8-51DA-4233-A2E8-F57F0258F62E}.Release|Any CPU.ActiveCfg = Release|Any CPU
		{B163A6A8-51DA-4233-A2E8-F57F0258F62E}.Release|Any CPU.Build.0 = Release|Any CPU
		{083363B0-A2AB-41F3-B415-0B39B1835271}.Debug|Any CPU.ActiveCfg = Debug|Any CPU
		{083363B0-A2AB-41F3-B415-0B39B1835271}.Debug|Any CPU.Build.0 = Debug|Any CPU
		{083363B0-A2AB-41F3-B415-0B39B1835271}.Release|Any CPU.ActiveCfg = Release|Any CPU
		{083363B0-A2AB-41F3-B415-0B39B1835271}.Release|Any CPU.Build.0 = Release|Any CPU
		{C06993C1-E08F-4325-ADA4-2090EA9244CE}.Debug|Any CPU.ActiveCfg = Debug|Any CPU
		{C06993C1-E08F-4325-ADA4-2090EA9244CE}.Debug|Any CPU.Build.0 = Debug|Any CPU
		{C06993C1-E08F-4325-ADA4-2090EA9244CE}.Release|Any CPU.ActiveCfg = Release|Any CPU
		{C06993C1-E08F-4325-ADA4-2090EA9244CE}.Release|Any CPU.Build.0 = Release|Any CPU
		{74B22B72-5B45-4AD6-AB6B-D57D76173325}.Debug|Any CPU.ActiveCfg = Debug|Any CPU
		{74B22B72-5B45-4AD6-AB6B-D57D76173325}.Debug|Any CPU.Build.0 = Debug|Any CPU
		{74B22B72-5B45-4AD6-AB6B-D57D76173325}.Release|Any CPU.ActiveCfg = Release|Any CPU
		{74B22B72-5B45-4AD6-AB6B-D57D76173325}.Release|Any CPU.Build.0 = Release|Any CPU
		{FE191A90-89F2-4502-9DD5-E994177387D0}.Debug|Any CPU.ActiveCfg = Debug|Any CPU
		{FE191A90-89F2-4502-9DD5-E994177387D0}.Debug|Any CPU.Build.0 = Debug|Any CPU
		{FE191A90-89F2-4502-9DD5-E994177387D0}.Release|Any CPU.ActiveCfg = Release|Any CPU
		{FE191A90-89F2-4502-9DD5-E994177387D0}.Release|Any CPU.Build.0 = Release|Any CPU
	EndGlobalSection
	GlobalSection(SolutionProperties) = preSolution
		HideSolutionNode = FALSE
	EndGlobalSection
	GlobalSection(NestedProjects) = preSolution
		{3C34392E-6408-4915-8332-65A7A663A72D} = {BD42A174-43F2-426F-A807-2447A90B4693}
		{969562AD-7423-44A6-8145-273F8B3EA053} = {B6ACBFCB-3063-4B9E-B7FF-3436E45219A0}
		{C53D1B16-0316-44EF-9470-5878D41F75D2} = {360CE2D9-9C8B-4235-81BA-F53ABF671A5C}
		{EA325172-D43D-4652-B0E6-F85BFF3F62CC} = {E5B73FFB-95D8-4F3E-A024-D5A3CFFBD713}
		{96C53BF0-F681-4548-96A8-7467F602A063} = {E5B73FFB-95D8-4F3E-A024-D5A3CFFBD713}
		{50519B1B-CEC1-426C-8200-7292BBDC251D} = {E5B73FFB-95D8-4F3E-A024-D5A3CFFBD713}
		{05318BBF-F106-413E-8E86-5C74CA041D52} = {50519B1B-CEC1-426C-8200-7292BBDC251D}
		{7712899B-8BA4-481E-833B-9A5DBE7A289E} = {EA325172-D43D-4652-B0E6-F85BFF3F62CC}
		{91243519-E2DB-4A6D-AD44-E7FFC37AC036} = {EA325172-D43D-4652-B0E6-F85BFF3F62CC}
		{B163A6A8-51DA-4233-A2E8-F57F0258F62E} = {96C53BF0-F681-4548-96A8-7467F602A063}
		{083363B0-A2AB-41F3-B415-0B39B1835271} = {0CED7287-A6FB-4763-9952-78F657B6E744}
		{C06993C1-E08F-4325-ADA4-2090EA9244CE} = {EA325172-D43D-4652-B0E6-F85BFF3F62CC}
		{74B22B72-5B45-4AD6-AB6B-D57D76173325} = {96C53BF0-F681-4548-96A8-7467F602A063}
		{FE191A90-89F2-4502-9DD5-E994177387D0} = {0CED7287-A6FB-4763-9952-78F657B6E744}
	EndGlobalSection
	GlobalSection(ExtensibilityGlobals) = postSolution
		SolutionGuid = {DAC0D48B-0235-4F49-AC83-53FBDE24E250}
	EndGlobalSection
EndGlobal
